PODS:
  - SnapKit (5.6.0)
  - YKRouter (0.0.1)

DEPENDENCIES:
  - SnapKit (~> 5.6.0)
  - YKRouter (from `../`)

SPEC REPOS:
  trunk:
    - SnapKit

EXTERNAL SOURCES:
  YKRouter:
    :path: "../"

SPEC CHECKSUMS:
  SnapKit: e01d52ebb8ddbc333eefe2132acf85c8227d9c25
  YKRouter: 9fb3cc327bd8208ae8139ed76a8f1a328821e6aa

PODFILE CHECKSUM: 1a1a0c6d386370db74c5ac54b0ac97d3685c8101

COCOAPODS: 1.11.3
